
Microsoft Visual Studio Solution File, Format Version 12.00
# Visual Studio Version 17
VisualStudioVersion = 17.8.34330.188
MinimumVisualStudioVersion = 10.0.40219.1
Project("{9A19103F-16F7-4668-BE54-9A1E7A4F7556}") = "ComputerLiteracy", "ComputerLiteracy\ComputerLiteracy.csproj", "{2BCF361E-F826-4535-AB92-3A2291402AD5}"
EndProject
Project("{FAE04EC0-301F-11D3-BF4B-00C04F79EFBC}") = "SearchTest", "SearchTest\SearchTest.csproj", "{3B15CF03-4419-4380-8CC9-29378E59B511}"
EndProject
Project("{FAE04EC0-301F-11D3-BF4B-00C04F79EFBC}") = "SortTest", "SortTest\SortTest.csproj", "{6321F89A-19D2-4A7A-897D-C7FE0EBBCD7C}"
EndProject
Project("{FAE04EC0-301F-11D3-BF4B-00C04F79EFBC}") = "BinaryTree", "BinaryTree\BinaryTree.csproj", "{3FFA6728-D1E1-4DD2-B4CB-05C41BC40EED}"
EndProject
Global
	GlobalSection(SolutionConfigurationPlatforms) = preSolution
		Debug|Any CPU = Debug|Any CPU
		Release|Any CPU = Release|Any CPU
	EndGlobalSection
	GlobalSection(ProjectConfigurationPlatforms) = postSolution
		{2BCF361E-F826-4535-AB92-3A2291402AD5}.Debug|Any CPU.ActiveCfg = Debug|Any CPU
		{2BCF361E-F826-4535-AB92-3A2291402AD5}.Debug|Any CPU.Build.0 = Debug|Any CPU
		{2BCF361E-F826-4535-AB92-3A2291402AD5}.Release|Any CPU.ActiveCfg = Release|Any CPU
		{2BCF361E-F826-4535-AB92-3A2291402AD5}.Release|Any CPU.Build.0 = Release|Any CPU
		{3B15CF03-4419-4380-8CC9-29378E59B511}.Debug|Any CPU.ActiveCfg = Debug|Any CPU
		{3B15CF03-4419-4380-8CC9-29378E59B511}.Debug|Any CPU.Build.0 = Debug|Any CPU
		{3B15CF03-4419-4380-8CC9-29378E59B511}.Release|Any CPU.ActiveCfg = Release|Any CPU
		{3B15CF03-4419-4380-8CC9-29378E59B511}.Release|Any CPU.Build.0 = Release|Any CPU
		{6321F89A-19D2-4A7A-897D-C7FE0EBBCD7C}.Debug|Any CPU.ActiveCfg = Debug|Any CPU
		{6321F89A-19D2-4A7A-897D-C7FE0EBBCD7C}.Debug|Any CPU.Build.0 = Debug|Any CPU
		{6321F89A-19D2-4A7A-897D-C7FE0EBBCD7C}.Release|Any CPU.ActiveCfg = Release|Any CPU
		{6321F89A-19D2-4A7A-897D-C7FE0EBBCD7C}.Release|Any CPU.Build.0 = Release|Any CPU
		{3FFA6728-D1E1-4DD2-B4CB-05C41BC40EED}.Debug|Any CPU.ActiveCfg = Debug|Any CPU
		{3FFA6728-D1E1-4DD2-B4CB-05C41BC40EED}.Debug|Any CPU.Build.0 = Debug|Any CPU
		{3FFA6728-D1E1-4DD2-B4CB-05C41BC40EED}.Release|Any CPU.ActiveCfg = Release|Any CPU
		{3FFA6728-D1E1-4DD2-B4CB-05C41BC40EED}.Release|Any CPU.Build.0 = Release|Any CPU
	EndGlobalSection
	GlobalSection(SolutionProperties) = preSolution
		HideSolutionNode = FALSE
	EndGlobalSection
	GlobalSection(ExtensibilityGlobals) = postSolution
		SolutionGuid = {8A2B04E2-2E5E-451A-AC33-705AD7FAE4BA}
	EndGlobalSection
EndGlobal
